// !$*UTF8*$!
{
	archiveVersion = 1;
	classes = {
	};
	objectVersion = 50;
	objects = {

/* Begin PBXBuildFile section */
		2EDC7D0023FADD1300986032 /* AppDelegate.swift in Sources */ = {isa = PBXBuildFile; fileRef = 2EDC7CFF23FADD1300986032 /* AppDelegate.swift */; };
		2EDC7D0223FADD1300986032 /* SceneDelegate.swift in Sources */ = {isa = PBXBuildFile; fileRef = 2EDC7D0123FADD1300986032 /* SceneDelegate.swift */; };
		2EDC7D0423FADD1300986032 /* ContentView.swift in Sources */ = {isa = PBXBuildFile; fileRef = 2EDC7D0323FADD1300986032 /* ContentView.swift */; };
		2EDC7D0623FADD1600986032 /* Assets.xcassets in Resources */ = {isa = PBXBuildFile; fileRef = 2EDC7D0523FADD1600986032 /* Assets.xcassets */; };
		2EDC7D0923FADD1600986032 /* Preview Assets.xcassets in Resources */ = {isa = PBXBuildFile; fileRef = 2EDC7D0823FADD1600986032 /* Preview Assets.xcassets */; };
		2EDC7D0C23FADD1600986032 /* LaunchScreen.storyboard in Resources */ = {isa = PBXBuildFile; fileRef = 2EDC7D0A23FADD1600986032 /* LaunchScreen.storyboard */; };
		2EDC7D1723FADD1600986032 /* combine_practiceTests.swift in Sources */ = {isa = PBXBuildFile; fileRef = 2EDC7D1623FADD1600986032 /* combine_practiceTests.swift */; };
/* End PBXBuildFile section */

/* Begin PBXContainerItemProxy section */
		2EDC7D1323FADD1600986032 /* PBXContainerItemProxy */ = {
			isa = PBXContainerItemProxy;
			containerPortal = 2EDC7CF423FADD1300986032 /* Project object */;
			proxyType = 1;
			remoteGlobalIDString = 2EDC7CFB23FADD1300986032;
			remoteInfo = "combine-practice";
		};
/* End PBXContainerItemProxy section */

/* Begin PBXFileReference section */
		2EDC7CFC23FADD1300986032 /* combine-practice.app */ = {isa = PBXFileReference; explicitFileType = wrapper.application; includeInIndex = 0; path = "combine-practice.app"; sourceTree = BUILT_PRODUCTS_DIR; };
		2EDC7CFF23FADD1300986032 /* AppDelegate.swift */ = {isa = PBXFileReference; lastKnownFileType = sourcecode.swift; path = AppDelegate.swift; sourceTree = "<group>"; };
		2EDC7D0123FADD1300986032 /* SceneDelegate.swift */ = {isa = PBXFileReference; lastKnownFileType = sourcecode.swift; path = SceneDelegate.swift; sourceTree = "<group>"; };
		2EDC7D0323FADD1300986032 /* ContentView.swift */ = {isa = PBXFileReference; lastKnownFileType = sourcecode.swift; path = ContentView.swift; sourceTree = "<group>"; };
		2EDC7D0523FADD1600986032 /* Assets.xcassets */ = {isa = PBXFileReference; lastKnownFileType = folder.assetcatalog; path = Assets.xcassets; sourceTree = "<group>"; };
		2EDC7D0823FADD1600986032 /* Preview Assets.xcassets */ = {isa = PBXFileReference; lastKnownFileType = folder.assetcatalog; path = "Preview Assets.xcassets"; sourceTree = "<group>"; };
		2EDC7D0B23FADD1600986032 /* Base */ = {isa = PBXFileReference; lastKnownFileType = file.storyboard; name = Base; path = Base.lproj/LaunchScreen.storyboard; sourceTree = "<group>"; };
		2EDC7D0D23FADD1600986032 /* Info.plist */ = {isa = PBXFileReference; lastKnownFileType = text.plist.xml; path = Info.plist; sourceTree = "<group>"; };
		2EDC7D1223FADD1600986032 /* combine-practiceTests.xctest */ = {isa = PBXFileReference; explicitFileType = wrapper.cfbundle; includeInIndex = 0; path = "combine-practiceTests.xctest"; sourceTree = BUILT_PRODUCTS_DIR; };
		2EDC7D1623FADD1600986032 /* combine_practiceTests.swift */ = {isa = PBXFileReference; lastKnownFileType = sourcecode.swift; path = combine_practiceTests.swift; sourceTree = "<group>"; };
		2EDC7D1823FADD1600986032 /* Info.plist */ = {isa = PBXFileReference; lastKnownFileType = text.plist.xml; path = Info.plist; sourceTree = "<group>"; };
/* End PBXFileReference section */

/* Begin PBXFrameworksBuildPhase section */
		2EDC7CF923FADD1300986032 /* Frameworks */ = {
			isa = PBXFrameworksBuildPhase;
			buildActionMask = 2147483647;
			files = (
			);
			runOnlyForDeploymentPostprocessing = 0;
		};
		2EDC7D0F23FADD1600986032 /* Frameworks */ = {
			isa = PBXFrameworksBuildPhase;
			buildActionMask = 2147483647;
			files = (
			);
			runOnlyForDeploymentPostprocessing = 0;
		};
/* End PBXFrameworksBuildPhase section */

/* Begin PBXGroup section */
		2EDC7CF323FADD1300986032 = {
			isa = PBXGroup;
			children = (
				2EDC7CFE23FADD1300986032 /* combine-practice */,
				2EDC7D1523FADD1600986032 /* combine-practiceTests */,
				2EDC7CFD23FADD1300986032 /* Products */,
			);
			sourceTree = "<group>";
		};
		2EDC7CFD23FADD1300986032 /* Products */ = {
			isa = PBXGroup;
			children = (
				2EDC7CFC23FADD1300986032 /* combine-practice.app */,
				2EDC7D1223FADD1600986032 /* combine-practiceTests.xctest */,
			);
			name = Products;
			sourceTree = "<group>";
		};
		2EDC7CFE23FADD1300986032 /* combine-practice */ = {
			isa = PBXGroup;
			children = (
				2EDC7CFF23FADD1300986032 /* AppDelegate.swift */,
				2EDC7D0123FADD1300986032 /* SceneDelegate.swift */,
				2EDC7D0323FADD1300986032 /* ContentView.swift */,
				2EDC7D0523FADD1600986032 /* Assets.xcassets */,
				2EDC7D0A23FADD1600986032 /* LaunchScreen.storyboard */,
				2EDC7D0D23FADD1600986032 /* Info.plist */,
				2EDC7D0723FADD1600986032 /* Preview Content */,
			);
			path = "combine-practice";
			sourceTree = "<group>";
		};
		2EDC7D0723FADD1600986032 /* Preview Content */ = {
			isa = PBXGroup;
			children = (
				2EDC7D0823FADD1600986032 /* Preview Assets.xcassets */,
			);
			path = "Preview Content";
			sourceTree = "<group>";
		};
		2EDC7D1523FADD1600986032 /* combine-practiceTests */ = {
			isa = PBXGroup;
			children = (
				2EDC7D1623FADD1600986032 /* combine_practiceTests.swift */,
				2EDC7D1823FADD1600986032 /* Info.plist */,
			);
			path = "combine-practiceTests";
			sourceTree = "<group>";
		};
/* End PBXGroup section */

/* Begin PBXNativeTarget section */
		2EDC7CFB23FADD1300986032 /* combine-practice */ = {
			isa = PBXNativeTarget;
			buildConfigurationList = 2EDC7D1B23FADD1600986032 /* Build configuration list for PBXNativeTarget "combine-practice" */;
			buildPhases = (
				2EDC7CF823FADD1300986032 /* Sources */,
				2EDC7CF923FADD1300986032 /* Frameworks */,
				2EDC7CFA23FADD1300986032 /* Resources */,
			);
			buildRules = (
			);
			dependencies = (
			);
			name = "combine-practice";
			productName = "combine-practice";
			productReference = 2EDC7CFC23FADD1300986032 /* combine-practice.app */;
			productType = "com.apple.product-type.application";
		};
		2EDC7D1123FADD1600986032 /* combine-practiceTests */ = {
			isa = PBXNativeTarget;
			buildConfigurationList = 2EDC7D1E23FADD1600986032 /* Build configuration list for PBXNativeTarget "combine-practiceTests" */;
			buildPhases = (
				2EDC7D0E23FADD1600986032 /* Sources */,
				2EDC7D0F23FADD1600986032 /* Frameworks */,
				2EDC7D1023FADD1600986032 /* Resources */,
			);
			buildRules = (
			);
			dependencies = (
				2EDC7D1423FADD1600986032 /* PBXTargetDependency */,
			);
			name = "combine-practiceTests";
			productName = "combine-practiceTests";
			productReference = 2EDC7D1223FADD1600986032 /* combine-practiceTests.xctest */;
			productType = "com.apple.product-type.bundle.unit-test";
		};
/* End PBXNativeTarget section */

/* Begin PBXProject section */
		2EDC7CF423FADD1300986032 /* Project object */ = {
			isa = PBXProject;
			attributes = {
				LastSwiftUpdateCheck = 1130;
				LastUpgradeCheck = 1130;
				ORGANIZATIONNAME = "Roman Guseynov";
				TargetAttributes = {
					2EDC7CFB23FADD1300986032 = {
						CreatedOnToolsVersion = 11.3.1;
					};
					2EDC7D1123FADD1600986032 = {
						CreatedOnToolsVersion = 11.3.1;
						TestTargetID = 2EDC7CFB23FADD1300986032;
					};
				};
			};
			buildConfigurationList = 2EDC7CF723FADD1300986032 /* Build configuration list for PBXProject "combine-practice" */;
			compatibilityVersion = "Xcode 9.3";
			developmentRegion = en;
			hasScannedForEncodings = 0;
			knownRegions = (
				en,
				Base,
			);
			mainGroup = 2EDC7CF323FADD1300986032;
			productRefGroup = 2EDC7CFD23FADD1300986032 /* Products */;
			projectDirPath = "";
			projectRoot = "";
			targets = (
				2EDC7CFB23FADD1300986032 /* combine-practice */,
				2EDC7D1123FADD1600986032 /* combine-practiceTests */,
			);
		};
/* End PBXProject section */

/* Begin PBXResourcesBuildPhase section */
		2EDC7CFA23FADD1300986032 /* Resources */ = {
			isa = PBXResourcesBuildPhase;
			buildActionMask = 2147483647;
			files = (
				2EDC7D0C23FADD1600986032 /* LaunchScreen.storyboard in Resources */,
				2EDC7D0923FADD1600986032 /* Preview Assets.xcassets in Resources */,
				2EDC7D0623FADD1600986032 /* Assets.xcassets in Resources */,
			);
			runOnlyForDeploymentPostprocessing = 0;
		};
		2EDC7D1023FADD1600986032 /* Resources */ = {
			isa = PBXResourcesBuildPhase;
			buildActionMask = 2147483647;
			files = (
			);
			runOnlyForDeploymentPostprocessing = 0;
		};
/* End PBXResourcesBuildPhase section */

/* Begin PBXSourcesBuildPhase section */
		2EDC7CF823FADD1300986032 /* Sources */ = {
			isa = PBXSourcesBuildPhase;
			buildActionMask = 2147483647;
			files = (
				2EDC7D0023FADD1300986032 /* AppDelegate.swift in Sources */,
				2EDC7D0223FADD1300986032 /* SceneDelegate.swift in Sources */,
				2EDC7D0423FADD1300986032 /* ContentView.swift in Sources */,
			);
			runOnlyForDeploymentPostprocessing = 0;
		};
		2EDC7D0E23FADD1600986032 /* Sources */ = {
			isa = PBXSourcesBuildPhase;
			buildActionMask = 2147483647;
			files = (
				2EDC7D1723FADD1600986032 /* combine_practiceTests.swift in Sources */,
			);
			runOnlyForDeploymentPostprocessing = 0;
		};
/* End PBXSourcesBuildPhase section */

/* Begin PBXTargetDependency section */
		2EDC7D1423FADD1600986032 /* PBXTargetDependency */ = {
			isa = PBXTargetDependency;
			target = 2EDC7CFB23FADD1300986032 /* combine-practice */;
			targetProxy = 2EDC7D1323FADD1600986032 /* PBXContainerItemProxy */;
		};
/* End PBXTargetDependency section */

/* Begin PBXVariantGroup section */
		2EDC7D0A23FADD1600986032 /* LaunchScreen.storyboard */ = {
			isa = PBXVariantGroup;
			children = (
				2EDC7D0B23FADD1600986032 /* Base */,
			);
			name = LaunchScreen.storyboard;
			sourceTree = "<group>";
		};
/* End PBXVariantGroup section */

/* Begin XCBuildConfiguration section */
		2EDC7D1923FADD1600986032 /* Debug */ = {
			isa = XCBuildConfiguration;
			buildSettings = {
				ALWAYS_SEARCH_USER_PATHS = NO;
				CLANG_ANALYZER_NONNULL = YES;
				CLANG_ANALYZER_NUMBER_OBJECT_CONVERSION = YES_AGGRESSIVE;
				CLANG_CXX_LANGUAGE_STANDARD = "gnu++14";
				CLANG_CXX_LIBRARY = "libc++";
				CLANG_ENABLE_MODULES = YES;
				CLANG_ENABLE_OBJC_ARC = YES;
				CLANG_ENABLE_OBJC_WEAK = YES;
				CLANG_WARN_BLOCK_CAPTURE_AUTORELEASING = YES;
				CLANG_WARN_BOOL_CONVERSION = YES;
				CLANG_WARN_COMMA = YES;
				CLANG_WARN_CONSTANT_CONVERSION = YES;
				CLANG_WARN_DEPRECATED_OBJC_IMPLEMENTATIONS = YES;
				CLANG_WARN_DIRECT_OBJC_ISA_USAGE = YES_ERROR;
				CLANG_WARN_DOCUMENTATION_COMMENTS = YES;
				CLANG_WARN_EMPTY_BODY = YES;
				CLANG_WARN_ENUM_CONVERSION = YES;
				CLANG_WARN_INFINITE_RECURSION = YES;
				CLANG_WARN_INT_CONVERSION = YES;
				CLANG_WARN_NON_LITERAL_NULL_CONVERSION = YES;
				CLANG_WARN_OBJC_IMPLICIT_RETAIN_SELF = YES;
				CLANG_WARN_OBJC_LITERAL_CONVERSION = YES;
				CLANG_WARN_OBJC_ROOT_CLASS = YES_ERROR;
				CLANG_WARN_RANGE_LOOP_ANALYSIS = YES;
				CLANG_WARN_STRICT_PROTOTYPES = YES;
				CLANG_WARN_SUSPICIOUS_MOVE = YES;
				CLANG_WARN_UNGUARDED_AVAILABILITY = YES_AGGRESSIVE;
				CLANG_WARN_UNREACHABLE_CODE = YES;
				CLANG_WARN__DUPLICATE_METHOD_MATCH = YES;
				COPY_PHASE_STRIP = NO;
				DEBUG_INFORMATION_FORMAT = dwarf;
				ENABLE_STRICT_OBJC_MSGSEND = YES;
				ENABLE_TESTABILITY = YES;
				GCC_C_LANGUAGE_STANDARD = gnu11;
				GCC_DYNAMIC_NO_PIC = NO;
				GCC_NO_COMMON_BLOCKS = YES;
				GCC_OPTIMIZATION_LEVEL = 0;
				GCC_PREPROCESSOR_DEFINITIONS = (
					"DEBUG=1",
					"$(inherited)",
				);
				GCC_WARN_64_TO_32_BIT_CONVERSION = YES;
				GCC_WARN_ABOUT_RETURN_TYPE = YES_ERROR;
				GCC_WARN_UNDECLARED_SELECTOR = YES;
				GCC_WARN_UNINITIALIZED_AUTOS = YES_AGGRESSIVE;
				GCC_WARN_UNUSED_FUNCTION = YES;
				GCC_WARN_UNUSED_VARIABLE = YES;
				IPHONEOS_DEPLOYMENT_TARGET = 13.2;
				MTL_ENABLE_DEBUG_INFO = INCLUDE_SOURCE;
				MTL_FAST_MATH = YES;
				ONLY_ACTIVE_ARCH = YES;
				SDKROOT = iphoneos;
				SWIFT_ACTIVE_COMPILATION_CONDITIONS = DEBUG;
				SWIFT_OPTIMIZATION_LEVEL = "-Onone";
			};
			name = Debug;
		};
		2EDC7D1A23FADD1600986032 /* Release */ = {
			isa = XCBuildConfiguration;
			buildSettings = {
				ALWAYS_SEARCH_USER_PATHS = NO;
				CLANG_ANALYZER_NONNULL = YES;
				CLANG_ANALYZER_NUMBER_OBJECT_CONVERSION = YES_AGGRESSIVE;
				CLANG_CXX_LANGUAGE_STANDARD = "gnu++14";
				CLANG_CXX_LIBRARY = "libc++";
				CLANG_ENABLE_MODULES = YES;
				CLANG_ENABLE_OBJC_ARC = YES;
				CLANG_ENABLE_OBJC_WEAK = YES;
				CLANG_WARN_BLOCK_CAPTURE_AUTORELEASING = YES;
				CLANG_WARN_BOOL_CONVERSION = YES;
				CLANG_WARN_COMMA = YES;
				CLANG_WARN_CONSTANT_CONVERSION = YES;
				CLANG_WARN_DEPRECATED_OBJC_IMPLEMENTATIONS = YES;
				CLANG_WARN_DIRECT_OBJC_ISA_USAGE = YES_ERROR;
				CLANG_WARN_DOCUMENTATION_COMMENTS = YES;
				CLANG_WARN_EMPTY_BODY = YES;
				CLANG_WARN_ENUM_CONVERSION = YES;
				CLANG_WARN_INFINITE_RECURSION = YES;
				CLANG_WARN_INT_CONVERSION = YES;
				CLANG_WARN_NON_LITERAL_NULL_CONVERSION = YES;
				CLANG_WARN_OBJC_IMPLICIT_RETAIN_SELF = YES;
				CLANG_WARN_OBJC_LITERAL_CONVERSION = YES;
				CLANG_WARN_OBJC_ROOT_CLASS = YES_ERROR;
				CLANG_WARN_RANGE_LOOP_ANALYSIS = YES;
				CLANG_WARN_STRICT_PROTOTYPES = YES;
				CLANG_WARN_SUSPICIOUS_MOVE = YES;
				CLANG_WARN_UNGUARDED_AVAILABILITY = YES_AGGRESSIVE;
				CLANG_WARN_UNREACHABLE_CODE = YES;
				CLANG_WARN__DUPLICATE_METHOD_MATCH = YES;
				COPY_PHASE_STRIP = NO;
				DEBUG_INFORMATION_FORMAT = "dwarf-with-dsym";
				ENABLE_NS_ASSERTIONS = NO;
				ENABLE_STRICT_OBJC_MSGSEND = YES;
				GCC_C_LANGUAGE_STANDARD = gnu11;
				GCC_NO_COMMON_BLOCKS = YES;
				GCC_WARN_64_TO_32_BIT_CONVERSION = YES;
				GCC_WARN_ABOUT_RETURN_TYPE = YES_ERROR;
				GCC_WARN_UNDECLARED_SELECTOR = YES;
				GCC_WARN_UNINITIALIZED_AUTOS = YES_AGGRESSIVE;
				GCC_WARN_UNUSED_FUNCTION = YES;
				GCC_WARN_UNUSED_VARIABLE = YES;
				IPHONEOS_DEPLOYMENT_TARGET = 13.2;
				MTL_ENABLE_DEBUG_INFO = NO;
				MTL_FAST_MATH = YES;
				SDKROOT = iphoneos;
				SWIFT_COMPILATION_MODE = wholemodule;
				SWIFT_OPTIMIZATION_LEVEL = "-O";
				VALIDATE_PRODUCT = YES;
			};
			name = Release;
		};
		2EDC7D1C23FADD1600986032 /* Debug */ = {
			isa = XCBuildConfiguration;
			buildSettings = {
				ASSETCATALOG_COMPILER_APPICON_NAME = AppIcon;
				CODE_SIGN_STYLE = Automatic;
				DEVELOPMENT_ASSET_PATHS = "\"combine-practice/Preview Content\"";
				DEVELOPMENT_TEAM = WSRUWJK48Z;
				ENABLE_PREVIEWS = YES;
				INFOPLIST_FILE = "combine-practice/Info.plist";
				LD_RUNPATH_SEARCH_PATHS = (
					"$(inherited)",
					"@executable_path/Frameworks",
				);
				PRODUCT_BUNDLE_IDENTIFIER = "org.guseynov.combine-practice";
				PRODUCT_NAME = "$(TARGET_NAME)";
				SWIFT_VERSION = 5.0;
				TARGETED_DEVICE_FAMILY = "1,2";
			};
			name = Debug;
		};
		2EDC7D1D23FADD1600986032 /* Release */ = {
			isa = XCBuildConfiguration;
			buildSettings = {
				ASSETCATALOG_COMPILER_APPICON_NAME = AppIcon;
				CODE_SIGN_STYLE = Automatic;
				DEVELOPMENT_ASSET_PATHS = "\"combine-practice/Preview Content\"";
				DEVELOPMENT_TEAM = WSRUWJK48Z;
				ENABLE_PREVIEWS = YES;
				INFOPLIST_FILE = "combine-practice/Info.plist";
				LD_RUNPATH_SEARCH_PATHS = (
					"$(inherited)",
					"@executable_path/Frameworks",
				);
				PRODUCT_BUNDLE_IDENTIFIER = "org.guseynov.combine-practice";
				PRODUCT_NAME = "$(TARGET_NAME)";
				SWIFT_VERSION = 5.0;
				TARGETED_DEVICE_FAMILY = "1,2";
			};
			name = Release;
		};
		2EDC7D1F23FADD1600986032 /* Debug */ = {
			isa = XCBuildConfiguration;
			buildSettings = {
				ALWAYS_EMBED_SWIFT_STANDARD_LIBRARIES = YES;
				BUNDLE_LOADER = "$(TEST_HOST)";
				CODE_SIGN_STYLE = Automatic;
				DEVELOPMENT_TEAM = WSRUWJK48Z;
				INFOPLIST_FILE = "combine-practiceTests/Info.plist";
				IPHONEOS_DEPLOYMENT_TARGET = 13.2;
				LD_RUNPATH_SEARCH_PATHS = (
					"$(inherited)",
					"@executable_path/Frameworks",
					"@loader_path/Frameworks",
				);
				PRODUCT_BUNDLE_IDENTIFIER = "org.guseynov.combine-practiceTests";
				PRODUCT_NAME = "$(TARGET_NAME)";
				SWIFT_VERSION = 5.0;
				TARGETED_DEVICE_FAMILY = "1,2";
				TEST_HOST = "$(BUILT_PRODUCTS_DIR)/combine-practice.app/combine-practice";
			};
			name = Debug;
		};
		2EDC7D2023FADD1600986032 /* Release */ = {
			isa = XCBuildConfiguration;
			buildSettings = {
				ALWAYS_EMBED_SWIFT_STANDARD_LIBRARIES = YES;
				BUNDLE_LOADER = "$(TEST_HOST)";
				CODE_SIGN_STYLE = Automatic;
				DEVELOPMENT_TEAM = WSRUWJK48Z;
				INFOPLIST_FILE = "combine-practiceTests/Info.plist";
				IPHONEOS_DEPLOYMENT_TARGET = 13.2;
				LD_RUNPATH_SEARCH_PATHS = (
					"$(inherited)",
					"@executable_path/Frameworks",
					"@loader_path/Frameworks",
				);
				PRODUCT_BUNDLE_IDENTIFIER = "org.guseynov.combine-practiceTests";
				PRODUCT_NAME = "$(TARGET_NAME)";
				SWIFT_VERSION = 5.0;
				TARGETED_DEVICE_FAMILY = "1,2";
				TEST_HOST = "$(BUILT_PRODUCTS_DIR)/combine-practice.app/combine-practice";
			};
			name = Release;
		};
/* End XCBuildConfiguration section */

/* Begin XCConfigurationList section */
		2EDC7CF723FADD1300986032 /* Build configuration list for PBXProject "combine-practice" */ = {
			isa = XCConfigurationList;
			buildConfigurations = (
				2EDC7D1923FADD1600986032 /* Debug */,
				2EDC7D1A23FADD1600986032 /* Release */,
			);
			defaultConfigurationIsVisible = 0;
			defaultConfigurationName = Release;
		};
		2EDC7D1B23FADD1600986032 /* Build configuration list for PBXNativeTarget "combine-practice" */ = {
			isa = XCConfigurationList;
			buildConfigurations = (
				2EDC7D1C23FADD1600986032 /* Debug */,
				2EDC7D1D23FADD1600986032 /* Release */,
			);
			defaultConfigurationIsVisible = 0;
			defaultConfigurationName = Release;
		};
		2EDC7D1E23FADD1600986032 /* Build configuration list for PBXNativeTarget "combine-practiceTests" */ = {
			isa = XCConfigurationList;
			buildConfigurations = (
				2EDC7D1F23FADD1600986032 /* Debug */,
				2EDC7D2023FADD1600986032 /* Release */,
			);
			defaultConfigurationIsVisible = 0;
			defaultConfigurationName = Release;
		};
/* End XCConfigurationList section */
	};
	rootObject = 2EDC7CF423FADD1300986032 /* Project object */;
}
